
Microsoft Visual Studio Solution File, Format Version 12.00
# Visual Studio Version 17
VisualStudioVersion = 17.8.34525.116
MinimumVisualStudioVersion = 10.0.40219.1
Project("{FAE04EC0-301F-11D3-BF4B-00C04F79EFBC}") = "WebApplication44", "WebApplication44.csproj", "{9F12B56C-0A40-4FDC-8C97-5D50149EEDCE}"
EndProject
Global
	GlobalSection(SolutionConfigurationPlatforms) = preSolution
		Debug|Any CPU = Debug|Any CPU
		Release|Any CPU = Release|Any CPU
	EndGlobalSection
	GlobalSection(ProjectConfigurationPlatforms) = postSolution
		{9F12B56C-0A40-4FDC-8C97-5D50149EEDCE}.Debug|Any CPU.ActiveCfg = Debug|Any CPU
		{9F12B56C-0A40-4FDC-8C97-5D50149EEDCE}.Debug|Any CPU.Build.0 = Debug|Any CPU
		{9F12B56C-0A40-4FDC-8C97-5D50149EEDCE}.Release|Any CPU.ActiveCfg = Release|Any CPU
		{9F12B56C-0A40-4FDC-8C97-5D50149EEDCE}.Release|Any CPU.Build.0 = Release|Any CPU
	EndGlobalSection
	GlobalSection(SolutionProperties) = preSolution
		HideSolutionNode = FALSE
	EndGlobalSection
	GlobalSection(ExtensibilityGlobals) = postSolution
		SolutionGuid = {C359409A-D178-43C1-A552-5C228EA5977C}
	EndGlobalSection
EndGlobal
